{
  "name": "naivechain",
  "version": "1.0.0",
  "lockfileVersion": 1,
  "requires": true,
  "dependencies": {
    "@types/body-parser": {
      "version": "1.16.4",
      "resolved": "https://registry.npmjs.org/@types/body-parser/-/body-parser-1.16.4.tgz",
      "integrity": "sha512-y8GxleWZ4ep0GG9IFMg+HpZWqLPjAjqc65cAopXPAWONWGCWGT0FCPVlXbUEBOPWpYtFrvlp2D7EJJnrqLUnEQ==",
      "dev": true,
      "requires": {
        "@types/express": "4.0.36",
        "@types/node": "8.0.9"
      }
    },
    "@types/crypto-js": {
      "version": "3.1.33",
      "resolved": "https://registry.npmjs.org/@types/crypto-js/-/crypto-js-3.1.33.tgz",
      "integrity": "sha1-fmyRYDUz4M2fJ5qEBam543mIDF0=",
      "dev": true
    },
    "@types/express": {
      "version": "4.0.36",
      "resolved": "https://registry.npmjs.org/@types/express/-/express-4.0.36.tgz",
      "integrity": "sha512-bT9q2eqH/E72AGBQKT50dh6AXzheTqigGZ1GwDiwmx7vfHff0bZOrvUWjvGpNWPNkRmX1vDF6wonG6rlpBHb1A==",
      "dev": true,
      "requires": {
        "@types/express-serve-static-core": "4.0.49",
        "@types/serve-static": "1.7.31"
      }
    },
    "@types/express-serve-static-core": {
      "version": "4.0.49",
      "resolved": "https://registry.npmjs.org/@types/express-serve-static-core/-/express-serve-static-core-4.0.49.tgz",
      "integrity": "sha512-b7mVHoURu1xaP/V6xw1sYwyv9V0EZ7euyi+sdnbnTZxEkAh4/hzPsI6Eflq+ZzHQ/Tgl7l16Jz+0oz8F46MLnA==",
      "dev": true,
      "requires": {
        "@types/node": "8.0.9"
      }
    },
    "@types/lodash": {
      "version": "4.14.85",
      "resolved": "https://registry.npmjs.org/@types/lodash/-/lodash-4.14.85.tgz",
      "integrity": "sha512-HrZiwDl62if0z31+rB99CLlg7WzS7b+KmyW75XAHEl/ZG0De2ACo6skZ89Zh3jOWkjKObN0Apq3MUezg7u9NKQ==",
      "dev": true
    },
    "@types/mime": {
      "version": "1.3.1",
      "resolved": "https://registry.npmjs.org/@types/mime/-/mime-1.3.1.tgz",
      "integrity": "sha512-rek8twk9C58gHYqIrUlJsx8NQMhlxqHzln9Z9ODqiNgv3/s+ZwIrfr+djqzsnVM12xe9hL98iJ20lj2RvCBv6A==",
      "dev": true
    },
    "@types/node": {
      "version": "8.0.9",
      "resolved": "https://registry.npmjs.org/@types/node/-/node-8.0.9.tgz",
      "integrity": "sha512-UkiiJp6Iz2h4xzapN8BPKjhq+/BlyXcISwPVk2Kd7VJ/I1TREFokjBtvM6hftANXdsfo1IoWMXhmg8G8X+SS8Q==",
      "dev": true
    },
    "@types/serve-static": {
      "version": "1.7.31",
      "resolved": "https://registry.npmjs.org/@types/serve-static/-/serve-static-1.7.31.tgz",
      "integrity": "sha1-FUVt6NmNa0z/Mb5savdJKuY/Uho=",
      "dev": true,
      "requires": {
        "@types/express-serve-static-core": "4.0.49",
        "@types/mime": "1.3.1"
      }
    },
    "@types/ws": {
      "version": "3.0.1",
      "resolved": "https://registry.npmjs.org/@types/ws/-/ws-3.0.1.tgz",
      "integrity": "sha512-cfBmtvCOil/OIeNU+qB0cfKaVcVqnnJQDSy1jwBltV76mWIxtieITsvKEyIC1bYn4rx/M8q0Pn9qa52sMbtRGg==",
      "dev": true,
      "requires": {
        "@types/node": "8.0.9"
      }
    },
    "accepts": {
      "version": "1.2.13",
      "resolved": "https://registry.npmjs.org/accepts/-/accepts-1.2.13.tgz",
      "integrity": "sha1-5fHzkoxtlf2WVYw27D2dDeSm7Oo=",
      "requires": {
        "mime-types": "2.1.15",
        "negotiator": "0.5.3"
      }
    },
    "ansi-regex": {
      "version": "2.1.1",
      "resolved": "https://registry.npmjs.org/ansi-regex/-/ansi-regex-2.1.1.tgz",
      "integrity": "sha1-w7M6te42DYbg5ijwRorn7yfWVN8=",
      "dev": true
    },
    "ansi-styles": {
      "version": "3.1.0",
      "resolved": "https://registry.npmjs.org/ansi-styles/-/ansi-styles-3.1.0.tgz",
      "integrity": "sha1-CcIC1ckX7CMYjKpcnLkXnNlUd1A=",
      "requires": {
        "color-convert": "1.9.0"
      }
    },
    "arrify": {
      "version": "1.0.1",
      "resolved": "https://registry.npmjs.org/arrify/-/arrify-1.0.1.tgz",
      "integrity": "sha1-iYUI2iIm84DfkEcoRWhJwVAaSw0="
    },
    "axios": {
      "version": "0.16.2",
      "resolved": "https://registry.npmjs.org/axios/-/axios-0.16.2.tgz",
      "integrity": "sha1-uk+S8XFn37q0CYN4VFS5rBScPG0=",
      "requires": {
        "follow-redirects": "1.2.4",
        "is-buffer": "1.1.5"
      }
    },
    "babel-code-frame": {
      "version": "6.22.0",
      "resolved": "https://registry.npmjs.org/babel-code-frame/-/babel-code-frame-6.22.0.tgz",
      "integrity": "sha1-AnYgvuVnqIwyVhV05/0IAdMxGOQ=",
      "dev": true,
      "requires": {
        "chalk": "1.1.3",
        "esutils": "2.0.2",
        "js-tokens": "3.0.2"
      },
      "dependencies": {
        "ansi-styles": {
          "version": "2.2.1",
          "resolved": "https://registry.npmjs.org/ansi-styles/-/ansi-styles-2.2.1.tgz",
          "integrity": "sha1-tDLdM1i2NM914eRmQ2gkBTPB3b4=",
          "dev": true
        },
        "chalk": {
          "version": "1.1.3",
          "resolved": "https://registry.npmjs.org/chalk/-/chalk-1.1.3.tgz",
          "integrity": "sha1-qBFcVeSnAv5NFQq9OHKCKn4J/Jg=",
          "dev": true,
          "requires": {
            "ansi-styles": "2.2.1",
            "escape-string-regexp": "1.0.5",
            "has-ansi": "2.0.0",
            "strip-ansi": "3.0.1",
            "supports-color": "2.0.0"
          },
          "dependencies": {
            "has-ansi": {
              "version": "2.0.0",
              "resolved": "https://registry.npmjs.org/has-ansi/-/has-ansi-2.0.0.tgz",
              "integrity": "sha1-NPUEnOHs3ysGSa8+8k5F7TVBbZE=",
              "dev": true,
              "requires": {
                "ansi-regex": "2.1.1"
              }
            },
            "strip-ansi": {
              "version": "3.0.1",
              "resolved": "https://registry.npmjs.org/strip-ansi/-/strip-ansi-3.0.1.tgz",
              "integrity": "sha1-ajhfuIU9lS1f8F0Oiq+UJ43GPc8=",
              "dev": true,
              "requires": {
                "ansi-regex": "2.1.1"
              }
            }
          }
        },
        "supports-color": {
          "version": "2.0.0",
          "resolved": "https://registry.npmjs.org/supports-color/-/supports-color-2.0.0.tgz",
          "integrity": "sha1-U10EXOa2Nj+kARcIRimZXp3zJMc=",
          "dev": true
        }
      }
    },
    "balanced-match": {
      "version": "1.0.0",
      "resolved": "https://registry.npmjs.org/balanced-match/-/balanced-match-1.0.0.tgz",
      "integrity": "sha1-ibTRmasr7kneFk6gK4nORi1xt2c=",
      "dev": true
    },
    "bn.js": {
      "version": "4.11.7",
      "resolved": "https://registry.npmjs.org/bn.js/-/bn.js-4.11.7.tgz",
      "integrity": "sha512-LxFiV5mefv0ley0SzqkOPR1bC4EbpPx8LkOz5vMe/Yi15t5hzwgO/G+tc7wOtL4PZTYjwHu8JnEiSLumuSjSfA=="
    },
    "body-parser": {
      "version": "1.17.2",
      "resolved": "https://registry.npmjs.org/body-parser/-/body-parser-1.17.2.tgz",
      "integrity": "sha1-+IkqvI+eYn1Crtr7yma/WrmRBO4=",
      "requires": {
        "bytes": "2.4.0",
        "content-type": "1.0.2",
        "debug": "2.6.7",
        "depd": "1.1.0",
        "http-errors": "1.6.1",
        "iconv-lite": "0.4.15",
        "on-finished": "2.3.0",
        "qs": "6.4.0",
        "raw-body": "2.2.0",
        "type-is": "1.6.15"
      }
    },
    "brace-expansion": {
      "version": "1.1.8",
      "resolved": "https://registry.npmjs.org/brace-expansion/-/brace-expansion-1.1.8.tgz",
      "integrity": "sha1-wHshHHyVLsH479Uad+8NHTmQopI=",
      "dev": true,
      "requires": {
        "balanced-match": "1.0.0",
        "concat-map": "0.0.1"
      }
    },
    "brorand": {
      "version": "1.1.0",
      "resolved": "https://registry.npmjs.org/brorand/-/brorand-1.1.0.tgz",
      "integrity": "sha1-EsJe/kCkXjwyPrhnWgoM5XsiNx8="
    },
    "bytes": {
      "version": "2.4.0",
      "resolved": "https://registry.npmjs.org/bytes/-/bytes-2.4.0.tgz",
      "integrity": "sha1-fZcZb51br39pNeJZhVSe3SpsIzk="
    },
    "chalk": {
      "version": "2.0.1",
      "resolved": "https://registry.npmjs.org/chalk/-/chalk-2.0.1.tgz",
      "integrity": "sha512-Mp+FXEI+FrwY/XYV45b2YD3E8i3HwnEAoFcM0qlZzq/RZ9RwWitt2Y/c7cqRAz70U7hfekqx6qNYthuKFO6K0g==",
      "requires": {
        "ansi-styles": "3.1.0",
        "escape-string-regexp": "1.0.5",
        "supports-color": "4.2.0"
      }
    },
    "color-convert": {
      "version": "1.9.0",
      "resolved": "https://registry.npmjs.org/color-convert/-/color-convert-1.9.0.tgz",
      "integrity": "sha1-Gsz5fdc5uYO/mU1W/sj5WFNkG3o=",
      "requires": {
        "color-name": "1.1.2"
      }
    },
    "color-name": {
      "version": "1.1.2",
      "resolved": "https://registry.npmjs.org/color-name/-/color-name-1.1.2.tgz",
      "integrity": "sha1-XIq3K2S9IhXWF66VWeuxSEdc+Y0="
    },
    "colors": {
      "version": "1.1.2",
      "resolved": "https://registry.npmjs.org/colors/-/colors-1.1.2.tgz",
      "integrity": "sha1-FopHAXVran9RoSzgyXv6KMCE7WM=",
      "dev": true
    },
    "commander": {
      "version": "2.11.0",
      "resolved": "https://registry.npmjs.org/commander/-/commander-2.11.0.tgz",
      "integrity": "sha512-b0553uYA5YAEGgyYIGYROzKQ7X5RAqedkfjiZxwi0kL1g3bOaBNNZfYkzt/CL0umgD5wc9Jec2FbB98CjkMRvQ==",
      "dev": true
    },
    "concat-map": {
      "version": "0.0.1",
      "resolved": "https://registry.npmjs.org/concat-map/-/concat-map-0.0.1.tgz",
      "integrity": "sha1-2Klr13/Wjfd5OnMDajug1UBdR3s=",
      "dev": true
    },
    "content-disposition": {
      "version": "0.5.0",
      "resolved": "https://registry.npmjs.org/content-disposition/-/content-disposition-0.5.0.tgz",
      "integrity": "sha1-QoT+auBjCHRjnkToCkGMKTQTXp4="
    },
    "content-type": {
      "version": "1.0.2",
      "resolved": "https://registry.npmjs.org/content-type/-/content-type-1.0.2.tgz",
      "integrity": "sha1-t9ETrueo3Se9IRM8TcJSnfFyHu0="
    },
    "cookie": {
      "version": "0.1.2",
      "resolved": "https://registry.npmjs.org/cookie/-/cookie-0.1.2.tgz",
      "integrity": "sha1-cv7D0k5Io0Mgc9kMEmQgBQYQBLE="
    },
    "cookie-signature": {
      "version": "1.0.5",
      "resolved": "https://registry.npmjs.org/cookie-signature/-/cookie-signature-1.0.5.tgz",
      "integrity": "sha1-oSLj8VA+yg9TVXlbBxG7I2jUUPk="
    },
    "crc": {
      "version": "3.2.1",
      "resolved": "https://registry.npmjs.org/crc/-/crc-3.2.1.tgz",
      "integrity": "sha1-XZyPt3okXNXsopHl0tAFM0urAII="
    },
    "cross-env": {
      "version": "5.0.1",
      "resolved": "https://registry.npmjs.org/cross-env/-/cross-env-5.0.1.tgz",
      "integrity": "sha1-/05y6kO0faJIa0On8gQ7JgnkSRM=",
      "requires": {
        "cross-spawn": "5.1.0",
        "is-windows": "1.0.1"
      }
    },
    "cross-spawn": {
      "version": "5.1.0",
      "resolved": "https://registry.npmjs.org/cross-spawn/-/cross-spawn-5.1.0.tgz",
      "integrity": "sha1-6L0O/uWPz/b4+UUQoKVUu/ojVEk=",
      "requires": {
        "lru-cache": "4.1.1",
        "shebang-command": "1.2.0",
        "which": "1.2.14"
      }
    },
    "crypto-js": {
      "version": "3.1.8",
      "resolved": "https://registry.npmjs.org/crypto-js/-/crypto-js-3.1.8.tgz",
      "integrity": "sha1-cV8HC/YBTyrpkqmLOSkli3E/CNU="
    },
    "debug": {
      "version": "2.6.7",
      "resolved": "https://registry.npmjs.org/debug/-/debug-2.6.7.tgz",
      "integrity": "sha1-krrR9tBbu2u6Isyoi80OyJTChh4=",
      "requires": {
        "ms": "2.0.0"
      }
    },
    "depd": {
      "version": "1.1.0",
      "resolved": "https://registry.npmjs.org/depd/-/depd-1.1.0.tgz",
      "integrity": "sha1-4b2Cxqq2ztlluXuIsX7T5SjKGMM="
    },
    "destroy": {
      "version": "1.0.3",
      "resolved": "https://registry.npmjs.org/destroy/-/destroy-1.0.3.tgz",
      "integrity": "sha1-tDO0ck5x/YVR2YhRdIUcX8N34sk="
    },
    "diff": {
      "version": "3.3.0",
      "resolved": "https://registry.npmjs.org/diff/-/diff-3.3.0.tgz",
      "integrity": "sha512-w0XZubFWn0Adlsapj9EAWX0FqWdO4tz8kc3RiYdWLh4k/V8PTb6i0SMgXt0vRM3zyKnT8tKO7mUlieRQHIjMNg=="
    },
    "ee-first": {
      "version": "1.1.1",
      "resolved": "https://registry.npmjs.org/ee-first/-/ee-first-1.1.1.tgz",
      "integrity": "sha1-WQxhFWsK4vTwJVcyoViyZrxWsh0="
    },
    "elliptic": {
      "version": "6.4.0",
      "resolved": "https://registry.npmjs.org/elliptic/-/elliptic-6.4.0.tgz",
      "integrity": "sha1-ysmvh2LIWDYYcAPI3+GT5eLq5d8=",
      "requires": {
        "bn.js": "4.11.7",
        "brorand": "1.1.0",
        "hash.js": "1.1.3",
        "hmac-drbg": "1.0.1",
        "inherits": "2.0.3",
        "minimalistic-assert": "1.0.0",
        "minimalistic-crypto-utils": "1.0.1"
      }
    },
    "escape-html": {
      "version": "1.0.1",
      "resolved": "https://registry.npmjs.org/escape-html/-/escape-html-1.0.1.tgz",
      "integrity": "sha1-GBoobq05ejmpKFfPsdQwUuNWv/A="
    },
    "escape-string-regexp": {
      "version": "1.0.5",
      "resolved": "https://registry.npmjs.org/escape-string-regexp/-/escape-string-regexp-1.0.5.tgz",
      "integrity": "sha1-G2HAViGQqN/2rjuyzwIAyhMLhtQ="
    },
    "esutils": {
      "version": "2.0.2",
      "resolved": "https://registry.npmjs.org/esutils/-/esutils-2.0.2.tgz",
      "integrity": "sha1-Cr9PHKpbyx96nYrMbepPqqBLrJs=",
      "dev": true
    },
    "etag": {
      "version": "1.5.1",
      "resolved": "https://registry.npmjs.org/etag/-/etag-1.5.1.tgz",
      "integrity": "sha1-VMUN4E7kJpVWKSWsVmWIKRvn6eo=",
      "requires": {
        "crc": "3.2.1"
      }
    },
    "express": {
      "version": "4.11.2",
      "resolved": "https://registry.npmjs.org/express/-/express-4.11.2.tgz",
      "integrity": "sha1-jfPVqayEhYXwCgd3YBgj+uzTsUg=",
      "requires": {
        "accepts": "1.2.13",
        "content-disposition": "0.5.0",
        "cookie": "0.1.2",
        "cookie-signature": "1.0.5",
        "debug": "2.1.3",
        "depd": "1.0.1",
        "escape-html": "1.0.1",
        "etag": "1.5.1",
        "finalhandler": "0.3.3",
        "fresh": "0.2.4",
        "media-typer": "0.3.0",
        "merge-descriptors": "0.0.2",
        "methods": "1.1.2",
        "on-finished": "2.2.1",
        "parseurl": "1.3.1",
        "path-to-regexp": "0.1.3",
        "proxy-addr": "1.0.10",
        "qs": "2.3.3",
        "range-parser": "1.0.3",
        "send": "0.11.1",
        "serve-static": "1.8.1",
        "type-is": "1.5.7",
        "utils-merge": "1.0.0",
        "vary": "1.0.1"
      },
      "dependencies": {
        "debug": {
          "version": "2.1.3",
          "resolved": "https://registry.npmjs.org/debug/-/debug-2.1.3.tgz",
          "integrity": "sha1-zoqxte6PvuK/o7Yzyrk9NmtjQY4=",
          "requires": {
            "ms": "0.7.0"
          }
        },
        "depd": {
          "version": "1.0.1",
          "resolved": "https://registry.npmjs.org/depd/-/depd-1.0.1.tgz",
          "integrity": "sha1-gK7GTJ1tl+ZcwqnKqTwKpqv3Oqo="
        },
        "ee-first": {
          "version": "1.1.0",
          "resolved": "https://registry.npmjs.org/ee-first/-/ee-first-1.1.0.tgz",
          "integrity": "sha1-ag18YiHkkP7v2S7D9EHJzozQl/Q="
        },
        "mime-db": {
          "version": "1.12.0",
          "resolved": "https://registry.npmjs.org/mime-db/-/mime-db-1.12.0.tgz",
          "integrity": "sha1-PQxjGA9FjrENMlqqN9fFiuMS6dc="
        },
        "mime-types": {
          "version": "2.0.14",
          "resolved": "https://registry.npmjs.org/mime-types/-/mime-types-2.0.14.tgz",
          "integrity": "sha1-MQ4VnbI+B3+Lsit0jav6SVcUCqY=",
          "requires": {
            "mime-db": "1.12.0"
          }
        },
        "ms": {
          "version": "0.7.0",
          "resolved": "https://registry.npmjs.org/ms/-/ms-0.7.0.tgz",
          "integrity": "sha1-hlvpTC5zl62KV9pqYzpuLzB5i4M="
        },
        "on-finished": {
          "version": "2.2.1",
          "resolved": "https://registry.npmjs.org/on-finished/-/on-finished-2.2.1.tgz",
          "integrity": "sha1-XIXBzDYpn3gCllP2Z/J7a5nrwCk=",
          "requires": {
            "ee-first": "1.1.0"
          }
        },
        "qs": {
          "version": "2.3.3",
          "resolved": "https://registry.npmjs.org/qs/-/qs-2.3.3.tgz",
          "integrity": "sha1-6eha2+ddoLvkyOBHaghikPhjtAQ="
        },
        "type-is": {
          "version": "1.5.7",
          "resolved": "https://registry.npmjs.org/type-is/-/type-is-1.5.7.tgz",
          "integrity": "sha1-uTaKWTzG730GReeLL0xky+zQXpA=",
          "requires": {
            "media-typer": "0.3.0",
            "mime-types": "2.0.14"
          }
        }
      }
    },
    "finalhandler": {
      "version": "0.3.3",
      "resolved": "https://registry.npmjs.org/finalhandler/-/finalhandler-0.3.3.tgz",
      "integrity": "sha1-saCaoeamB7NUFmmwm8tyf0YM1CY=",
      "requires": {
        "debug": "2.1.3",
        "escape-html": "1.0.1",
        "on-finished": "2.2.1"
      },
      "dependencies": {
        "debug": {
          "version": "2.1.3",
          "resolved": "https://registry.npmjs.org/debug/-/debug-2.1.3.tgz",
          "integrity": "sha1-zoqxte6PvuK/o7Yzyrk9NmtjQY4=",
          "requires": {
            "ms": "0.7.0"
          }
        },
        "ee-first": {
          "version": "1.1.0",
          "resolved": "https://registry.npmjs.org/ee-first/-/ee-first-1.1.0.tgz",
          "integrity": "sha1-ag18YiHkkP7v2S7D9EHJzozQl/Q="
        },
        "ms": {
          "version": "0.7.0",
          "resolved": "https://registry.npmjs.org/ms/-/ms-0.7.0.tgz",
          "integrity": "sha1-hlvpTC5zl62KV9pqYzpuLzB5i4M="
        },
        "on-finished": {
          "version": "2.2.1",
          "resolved": "https://registry.npmjs.org/on-finished/-/on-finished-2.2.1.tgz",
          "integrity": "sha1-XIXBzDYpn3gCllP2Z/J7a5nrwCk=",
          "requires": {
            "ee-first": "1.1.0"
          }
        }
      }
    },
    "follow-redirects": {
      "version": "1.2.4",
      "resolved": "https://registry.npmjs.org/follow-redirects/-/follow-redirects-1.2.4.tgz",
      "integrity": "sha512-Suw6KewLV2hReSyEOeql+UUkBVyiBm3ok1VPrVFRZnQInWpdoZbbiG5i8aJVSjTr0yQ4Ava0Sh6/joCg1Brdqw==",
      "requires": {
        "debug": "2.6.7"
      }
    },
    "forwarded": {
      "version": "0.1.0",
      "resolved": "https://registry.npmjs.org/forwarded/-/forwarded-0.1.0.tgz",
      "integrity": "sha1-Ge+YdMSuHCl7zweP3mOgm2aoQ2M="
    },
    "fresh": {
      "version": "0.2.4",
      "resolved": "https://registry.npmjs.org/fresh/-/fresh-0.2.4.tgz",
      "integrity": "sha1-NYJJkgbJcjcUGQ7ddLRgT+tKYUw="
    },
    "fs.realpath": {
      "version": "1.0.0",
      "resolved": "https://registry.npmjs.org/fs.realpath/-/fs.realpath-1.0.0.tgz",
      "integrity": "sha1-FQStJSMVjKpA20onh8sBQRmU6k8=",
      "dev": true
    },
    "glob": {
      "version": "7.1.2",
      "resolved": "https://registry.npmjs.org/glob/-/glob-7.1.2.tgz",
      "integrity": "sha512-MJTUg1kjuLeQCJ+ccE4Vpa6kKVXkPYJ2mOCQyUuKLcLQsdrMCpBPUi8qVE6+YuaJkozeA9NusTAw3hLr8Xe5EQ==",
      "dev": true,
      "requires": {
        "fs.realpath": "1.0.0",
        "inflight": "1.0.6",
        "inherits": "2.0.3",
        "minimatch": "3.0.4",
        "once": "1.4.0",
        "path-is-absolute": "1.0.1"
      }
    },
    "has-flag": {
      "version": "2.0.0",
      "resolved": "https://registry.npmjs.org/has-flag/-/has-flag-2.0.0.tgz",
      "integrity": "sha1-6CB68cx7MNRGzHC3NLXovhj4jVE="
    },
    "hash.js": {
      "version": "1.1.3",
      "resolved": "https://registry.npmjs.org/hash.js/-/hash.js-1.1.3.tgz",
      "integrity": "sha512-/UETyP0W22QILqS+6HowevwhEFJ3MBJnwTf75Qob9Wz9t0DPuisL8kW8YZMK62dHAKE1c1p+gY1TtOLY+USEHA==",
      "requires": {
        "inherits": "2.0.3",
        "minimalistic-assert": "1.0.0"
      }
    },
    "hmac-drbg": {
      "version": "1.0.1",
      "resolved": "https://registry.npmjs.org/hmac-drbg/-/hmac-drbg-1.0.1.tgz",
      "integrity": "sha1-0nRXAQJabHdabFRXk+1QL8DGSaE=",
      "requires": {
        "hash.js": "1.1.3",
        "minimalistic-assert": "1.0.0",
        "minimalistic-crypto-utils": "1.0.1"
      }
    },
    "http-errors": {
      "version": "1.6.1",
      "resolved": "https://registry.npmjs.org/http-errors/-/http-errors-1.6.1.tgz",
      "integrity": "sha1-X4uO2YrKVFZWv1cplzh/kEpyIlc=",
      "requires": {
        "depd": "1.1.0",
        "inherits": "2.0.3",
        "setprototypeof": "1.0.3",
        "statuses": "1.3.1"
      }
    },
    "iconv-lite": {
      "version": "0.4.15",
      "resolved": "https://registry.npmjs.org/iconv-lite/-/iconv-lite-0.4.15.tgz",
      "integrity": "sha1-/iZaIYrGpXz+hUkn6dBMGYJe3es="
    },
    "inflight": {
      "version": "1.0.6",
      "resolved": "https://registry.npmjs.org/inflight/-/inflight-1.0.6.tgz",
      "integrity": "sha1-Sb1jMdfQLQwJvJEKEHW6gWW1bfk=",
      "dev": true,
      "requires": {
        "once": "1.4.0",
        "wrappy": "1.0.2"
      }
    },
    "inherits": {
      "version": "2.0.3",
      "resolved": "https://registry.npmjs.org/inherits/-/inherits-2.0.3.tgz",
      "integrity": "sha1-Yzwsg+PaQqUC9SRmAiSA9CCCYd4="
    },
    "ipaddr.js": {
      "version": "1.0.5",
      "resolved": "https://registry.npmjs.org/ipaddr.js/-/ipaddr.js-1.0.5.tgz",
      "integrity": "sha1-X6eM8wG4JceKvDBC2BJyMEnqI8c="
    },
    "is-buffer": {
      "version": "1.1.5",
      "resolved": "https://registry.npmjs.org/is-buffer/-/is-buffer-1.1.5.tgz",
      "integrity": "sha1-Hzsm72E7IUuIy8ojzGwB2Hlh7sw="
    },
    "is-windows": {
      "version": "1.0.1",
      "resolved": "https://registry.npmjs.org/is-windows/-/is-windows-1.0.1.tgz",
      "integrity": "sha1-MQ23D3QtJZoWo2kgK1GvhCMzENk="
    },
    "isexe": {
      "version": "2.0.0",
      "resolved": "https://registry.npmjs.org/isexe/-/isexe-2.0.0.tgz",
      "integrity": "sha1-6PvzdNxVb/iUehDcsFctYz8s+hA="
    },
    "js-tokens": {
      "version": "3.0.2",
      "resolved": "https://registry.npmjs.org/js-tokens/-/js-tokens-3.0.2.tgz",
      "integrity": "sha1-mGbfOVECEw449/mWvOtlRDIJwls=",
      "dev": true
    },
    "lodash": {
      "version": "4.17.4",
      "resolved": "https://registry.npmjs.org/lodash/-/lodash-4.17.4.tgz",
      "integrity": "sha1-eCA6TRwyiuHYbcpkYONptX9AVa4="
    },
    "lru-cache": {
      "version": "4.1.1",
      "resolved": "https://registry.npmjs.org/lru-cache/-/lru-cache-4.1.1.tgz",
      "integrity": "sha512-q4spe4KTfsAS1SUHLO0wz8Qiyf1+vMIAgpRYioFYDMNqKfHQbg+AVDH3i4fvpl71/P1L0dBl+fQi+P37UYf0ew==",
      "requires": {
        "pseudomap": "1.0.2",
        "yallist": "2.1.2"
      }
    },
    "make-error": {
      "version": "1.3.0",
      "resolved": "https://registry.npmjs.org/make-error/-/make-error-1.3.0.tgz",
      "integrity": "sha1-Uq06M5zPEM5itAQLcI/nByRLi5Y="
    },
    "media-typer": {
      "version": "0.3.0",
      "resolved": "https://registry.npmjs.org/media-typer/-/media-typer-0.3.0.tgz",
      "integrity": "sha1-hxDXrwqmJvj/+hzgAWhUUmMlV0g="
    },
    "merge-descriptors": {
      "version": "0.0.2",
      "resolved": "https://registry.npmjs.org/merge-descriptors/-/merge-descriptors-0.0.2.tgz",
      "integrity": "sha1-w2pSp4FDdRPFcnXzndnTF1FKyMc="
    },
    "methods": {
      "version": "1.1.2",
      "resolved": "https://registry.npmjs.org/methods/-/methods-1.1.2.tgz",
      "integrity": "sha1-VSmk1nZUE07cxSZmVoNbD4Ua/O4="
    },
    "mime": {
      "version": "1.2.11",
      "resolved": "https://registry.npmjs.org/mime/-/mime-1.2.11.tgz",
      "integrity": "sha1-WCA+7Ybjpe8XrtK32evUfwpg3RA="
    },
    "mime-db": {
      "version": "1.27.0",
      "resolved": "https://registry.npmjs.org/mime-db/-/mime-db-1.27.0.tgz",
      "integrity": "sha1-gg9XIpa70g7CXtVeW13oaeVDbrE="
    },
    "mime-types": {
      "version": "2.1.15",
      "resolved": "https://registry.npmjs.org/mime-types/-/mime-types-2.1.15.tgz",
      "integrity": "sha1-pOv1BkCUVpI3uM9wBGd20J/JKu0=",
      "requires": {
        "mime-db": "1.27.0"
      }
    },
    "minimalistic-assert": {
      "version": "1.0.0",
      "resolved": "https://registry.npmjs.org/minimalistic-assert/-/minimalistic-assert-1.0.0.tgz",
      "integrity": "sha1-cCvi3aazf0g2vLP121ZkG2Sh09M="
    },
    "minimalistic-crypto-utils": {
      "version": "1.0.1",
      "resolved": "https://registry.npmjs.org/minimalistic-crypto-utils/-/minimalistic-crypto-utils-1.0.1.tgz",
      "integrity": "sha1-9sAMHAsIIkblxNmd+4x8CDsrWCo="
    },
    "minimatch": {
      "version": "3.0.4",
      "resolved": "https://registry.npmjs.org/minimatch/-/minimatch-3.0.4.tgz",
      "integrity": "sha512-yJHVQEhyqPLUTgt9B83PXu6W3rx4MvvHvSUvToogpwoGDOUQ+yDrR0HRot+yOCdCO7u4hX3pWft6kWBBcqh0UA==",
      "dev": true,
      "requires": {
        "brace-expansion": "1.1.8"
      }
    },
    "minimist": {
      "version": "1.2.0",
      "resolved": "https://registry.npmjs.org/minimist/-/minimist-1.2.0.tgz",
      "integrity": "sha1-o1AIsg9BOD7sH7kU9M1d95omQoQ="
    },
    "mkdirp": {
      "version": "0.5.1",
      "resolved": "https://registry.npmjs.org/mkdirp/-/mkdirp-0.5.1.tgz",
      "integrity": "sha1-MAV0OOrGz3+MR2fzhkjWaX11yQM=",
      "requires": {
        "minimist": "0.0.8"
      },
      "dependencies": {
        "minimist": {
          "version": "0.0.8",
          "resolved": "https://registry.npmjs.org/minimist/-/minimist-0.0.8.tgz",
          "integrity": "sha1-hX/Kv8M5fSYluCKCYuhqp6ARsF0="
        }
      }
    },
    "ms": {
      "version": "2.0.0",
      "resolved": "https://registry.npmjs.org/ms/-/ms-2.0.0.tgz",
      "integrity": "sha1-VgiurfwAvmwpAd9fmGF4jeDVl8g="
    },
    "negotiator": {
      "version": "0.5.3",
      "resolved": "https://registry.npmjs.org/negotiator/-/negotiator-0.5.3.tgz",
      "integrity": "sha1-Jp1cR2gQ7JLtvntsLygxY4T5p+g="
    },
    "on-finished": {
      "version": "2.3.0",
      "resolved": "https://registry.npmjs.org/on-finished/-/on-finished-2.3.0.tgz",
      "integrity": "sha1-IPEzZIGwg811M3mSoWlxqi2QaUc=",
      "requires": {
        "ee-first": "1.1.1"
      }
    },
    "once": {
      "version": "1.4.0",
      "resolved": "https://registry.npmjs.org/once/-/once-1.4.0.tgz",
      "integrity": "sha1-WDsap3WWHUsROsF9nFC6753Xa9E=",
      "dev": true,
      "requires": {
        "wrappy": "1.0.2"
      }
    },
    "parseurl": {
      "version": "1.3.1",
      "resolved": "https://registry.npmjs.org/parseurl/-/parseurl-1.3.1.tgz",
      "integrity": "sha1-yKuMkiO6NIiKpkopeyiFO+wY2lY="
    },
    "path-is-absolute": {
      "version": "1.0.1",
      "resolved": "https://registry.npmjs.org/path-is-absolute/-/path-is-absolute-1.0.1.tgz",
      "integrity": "sha1-F0uSaHNVNP+8es5r9TpanhtcX18=",
      "dev": true
    },
    "path-parse": {
      "version": "1.0.5",
      "resolved": "https://registry.npmjs.org/path-parse/-/path-parse-1.0.5.tgz",
      "integrity": "sha1-PBrfhx6pzWyUMbbqK9dKD/BVxME=",
      "dev": true
    },
    "path-to-regexp": {
      "version": "0.1.3",
      "resolved": "https://registry.npmjs.org/path-to-regexp/-/path-to-regexp-0.1.3.tgz",
      "integrity": "sha1-IbmrgidCed4lsVbqCP0SylG4rss="
    },
    "proxy-addr": {
      "version": "1.0.10",
      "resolved": "https://registry.npmjs.org/proxy-addr/-/proxy-addr-1.0.10.tgz",
      "integrity": "sha1-DUCoL4Afw1VWfS7LZe/j8HfxIcU=",
      "requires": {
        "forwarded": "0.1.0",
        "ipaddr.js": "1.0.5"
      }
    },
    "pseudomap": {
      "version": "1.0.2",
      "resolved": "https://registry.npmjs.org/pseudomap/-/pseudomap-1.0.2.tgz",
      "integrity": "sha1-8FKijacOYYkX7wqKw0wa5aaChrM="
    },
    "qs": {
      "version": "6.4.0",
      "resolved": "https://registry.npmjs.org/qs/-/qs-6.4.0.tgz",
      "integrity": "sha1-E+JtKK1rD/qpExLNO/cI7TUecjM="
    },
    "range-parser": {
      "version": "1.0.3",
      "resolved": "https://registry.npmjs.org/range-parser/-/range-parser-1.0.3.tgz",
      "integrity": "sha1-aHKCNTXGkuLCoBA4Jq/YLC4P8XU="
    },
    "raw-body": {
      "version": "2.2.0",
      "resolved": "https://registry.npmjs.org/raw-body/-/raw-body-2.2.0.tgz",
      "integrity": "sha1-mUl2z2pQlqQRYoQEkvC9xdbn+5Y=",
      "requires": {
        "bytes": "2.4.0",
        "iconv-lite": "0.4.15",
        "unpipe": "1.0.0"
      }
    },
    "resolve": {
      "version": "1.3.3",
      "resolved": "https://registry.npmjs.org/resolve/-/resolve-1.3.3.tgz",
      "integrity": "sha1-ZVkHw0aahoDcLeOidaj91paR8OU=",
      "dev": true,
      "requires": {
        "path-parse": "1.0.5"
      }
    },
    "safe-buffer": {
      "version": "5.0.1",
      "resolved": "https://registry.npmjs.org/safe-buffer/-/safe-buffer-5.0.1.tgz",
      "integrity": "sha1-0mPKVGls2KMGtcplUekt5XkY++c="
    },
    "semver": {
      "version": "5.3.0",
      "resolved": "https://registry.npmjs.org/semver/-/semver-5.3.0.tgz",
      "integrity": "sha1-myzl094C0XxgEq0yaqa00M9U+U8=",
      "dev": true
    },
    "send": {
      "version": "0.11.1",
      "resolved": "https://registry.npmjs.org/send/-/send-0.11.1.tgz",
      "integrity": "sha1-G+q/1C+eJwn5kCivMHisErRwktU=",
      "requires": {
        "debug": "2.1.3",
        "depd": "1.0.1",
        "destroy": "1.0.3",
        "escape-html": "1.0.1",
        "etag": "1.5.1",
        "fresh": "0.2.4",
        "mime": "1.2.11",
        "ms": "0.7.0",
        "on-finished": "2.2.1",
        "range-parser": "1.0.3"
      },
      "dependencies": {
        "debug": {
          "version": "2.1.3",
          "resolved": "https://registry.npmjs.org/debug/-/debug-2.1.3.tgz",
          "integrity": "sha1-zoqxte6PvuK/o7Yzyrk9NmtjQY4=",
          "requires": {
            "ms": "0.7.0"
          }
        },
        "depd": {
          "version": "1.0.1",
          "resolved": "https://registry.npmjs.org/depd/-/depd-1.0.1.tgz",
          "integrity": "sha1-gK7GTJ1tl+ZcwqnKqTwKpqv3Oqo="
        },
        "ee-first": {
          "version": "1.1.0",
          "resolved": "https://registry.npmjs.org/ee-first/-/ee-first-1.1.0.tgz",
          "integrity": "sha1-ag18YiHkkP7v2S7D9EHJzozQl/Q="
        },
        "ms": {
          "version": "0.7.0",
          "resolved": "https://registry.npmjs.org/ms/-/ms-0.7.0.tgz",
          "integrity": "sha1-hlvpTC5zl62KV9pqYzpuLzB5i4M="
        },
        "on-finished": {
          "version": "2.2.1",
          "resolved": "https://registry.npmjs.org/on-finished/-/on-finished-2.2.1.tgz",
          "integrity": "sha1-XIXBzDYpn3gCllP2Z/J7a5nrwCk=",
          "requires": {
            "ee-first": "1.1.0"
          }
        }
      }
    },
    "serve-static": {
      "version": "1.8.1",
      "resolved": "https://registry.npmjs.org/serve-static/-/serve-static-1.8.1.tgz",
      "integrity": "sha1-CPq9OZmfBQ/DEUQ/RtWIinfs/Hw=",
      "requires": {
        "escape-html": "1.0.1",
        "parseurl": "1.3.1",
        "send": "0.11.1",
        "utils-merge": "1.0.0"
      }
    },
    "setprototypeof": {
      "version": "1.0.3",
      "resolved": "https://registry.npmjs.org/setprototypeof/-/setprototypeof-1.0.3.tgz",
      "integrity": "sha1-ZlZ+NwQ+608E2RvWWMDL77VbjgQ="
    },
    "shebang-command": {
      "version": "1.2.0",
      "resolved": "https://registry.npmjs.org/shebang-command/-/shebang-command-1.2.0.tgz",
      "integrity": "sha1-RKrGW2lbAzmJaMOfNj/uXer98eo=",
      "requires": {
        "shebang-regex": "1.0.0"
      }
    },
    "shebang-regex": {
      "version": "1.0.0",
      "resolved": "https://registry.npmjs.org/shebang-regex/-/shebang-regex-1.0.0.tgz",
      "integrity": "sha1-2kL0l0DAtC2yypcoVxyxkMmO/qM="
    },
    "source-map": {
      "version": "0.5.6",
      "resolved": "https://registry.npmjs.org/source-map/-/source-map-0.5.6.tgz",
      "integrity": "sha1-dc449SvwczxafwwRjYEzSiu19BI="
    },
    "source-map-support": {
      "version": "0.4.15",
      "resolved": "https://registry.npmjs.org/source-map-support/-/source-map-support-0.4.15.tgz",
      "integrity": "sha1-AyAt9lwG0r2MfsI2KhkwVv7407E=",
      "requires": {
        "source-map": "0.5.6"
      }
    },
    "statuses": {
      "version": "1.3.1",
      "resolved": "https://registry.npmjs.org/statuses/-/statuses-1.3.1.tgz",
      "integrity": "sha1-+vUbnrdKrvOzrPStX2Gr8ky3uT4="
    },
    "strip-bom": {
      "version": "3.0.0",
      "resolved": "https://registry.npmjs.org/strip-bom/-/strip-bom-3.0.0.tgz",
      "integrity": "sha1-IzTBjpx1n3vdVv3vfprj1YjmjtM="
    },
    "strip-json-comments": {
      "version": "2.0.1",
      "resolved": "https://registry.npmjs.org/strip-json-comments/-/strip-json-comments-2.0.1.tgz",
      "integrity": "sha1-PFMZQukIwml8DsNEhYwobHygpgo="
    },
    "supports-color": {
      "version": "4.2.0",
      "resolved": "https://registry.npmjs.org/supports-color/-/supports-color-4.2.0.tgz",
      "integrity": "sha512-Ts0Mu/A1S1aZxEJNG88I4Oc9rcZSBFNac5e27yh4j2mqbhZSSzR1Ah79EYwSn9Zuh7lrlGD2cVGzw1RKGzyLSg==",
      "requires": {
        "has-flag": "2.0.0"
      }
    },
    "ts-node": {
      "version": "3.2.0",
      "resolved": "https://registry.npmjs.org/ts-node/-/ts-node-3.2.0.tgz",
      "integrity": "sha1-mBTwwBQXhJAM8S/vEZetS39NI9E=",
      "requires": {
        "arrify": "1.0.1",
        "chalk": "2.0.1",
        "diff": "3.3.0",
        "make-error": "1.3.0",
        "minimist": "1.2.0",
        "mkdirp": "0.5.1",
        "source-map-support": "0.4.15",
        "tsconfig": "6.0.0",
        "v8flags": "2.1.1",
        "yn": "2.0.0"
      }
    },
    "tsconfig": {
      "version": "6.0.0",
      "resolved": "https://registry.npmjs.org/tsconfig/-/tsconfig-6.0.0.tgz",
      "integrity": "sha1-aw6DdgA9evGGT434+J3QBZ/80DI=",
      "requires": {
        "strip-bom": "3.0.0",
        "strip-json-comments": "2.0.1"
      }
    },
    "tslib": {
      "version": "1.7.1",
      "resolved": "https://registry.npmjs.org/tslib/-/tslib-1.7.1.tgz",
      "integrity": "sha1-vIAEFkaRkjp5/oN4u+s9ogF1OOw=",
      "dev": true
    },
    "tslint": {
      "version": "5.5.0",
      "resolved": "https://registry.npmjs.org/tslint/-/tslint-5.5.0.tgz",
      "integrity": "sha1-EOjas+MGH6YelELozuOYKs8gpqo=",
      "dev": true,
      "requires": {
        "babel-code-frame": "6.22.0",
        "colors": "1.1.2",
        "commander": "2.11.0",
        "diff": "3.3.0",
        "glob": "7.1.2",
        "minimatch": "3.0.4",
        "resolve": "1.3.3",
        "semver": "5.3.0",
        "tslib": "1.7.1",
        "tsutils": "2.6.0"
      }
    },
    "tsutils": {
      "version": "2.6.0",
      "resolved": "https://registry.npmjs.org/tsutils/-/tsutils-2.6.0.tgz",
      "integrity": "sha1-5emceaiszTl3zhjYP98dI1psLrs=",
      "dev": true,
      "requires": {
        "tslib": "1.7.1"
      }
    },
    "type-is": {
      "version": "1.6.15",
      "resolved": "https://registry.npmjs.org/type-is/-/type-is-1.6.15.tgz",
      "integrity": "sha1-yrEPtJCeRByChC6v4a1kbIGARBA=",
      "requires": {
        "media-typer": "0.3.0",
        "mime-types": "2.1.15"
      }
    },
    "typescript": {
      "version": "2.4.1",
      "resolved": "https://registry.npmjs.org/typescript/-/typescript-2.4.1.tgz",
      "integrity": "sha1-w8yxbdqgsjFN4DHn5v7onlujRrw="
    },
    "unpipe": {
      "version": "1.0.0",
      "resolved": "https://registry.npmjs.org/unpipe/-/unpipe-1.0.0.tgz",
      "integrity": "sha1-sr9O6FFKrmFltIF4KdIbLvSZBOw="
    },
    "user-home": {
      "version": "1.1.1",
      "resolved": "https://registry.npmjs.org/user-home/-/user-home-1.1.1.tgz",
      "integrity": "sha1-K1viOjK2Onyd640PKNSFcko98ZA="
    },
    "utils-merge": {
      "version": "1.0.0",
      "resolved": "https://registry.npmjs.org/utils-merge/-/utils-merge-1.0.0.tgz",
      "integrity": "sha1-ApT7kiu5N1FTVBxPcJYjHyh8ivg="
    },
    "v8flags": {
      "version": "2.1.1",
      "resolved": "https://registry.npmjs.org/v8flags/-/v8flags-2.1.1.tgz",
      "integrity": "sha1-qrGh+jDUX4jdMhFIh1rALAtV5bQ=",
      "requires": {
        "user-home": "1.1.1"
      }
    },
    "vary": {
      "version": "1.0.1",
      "resolved": "https://registry.npmjs.org/vary/-/vary-1.0.1.tgz",
      "integrity": "sha1-meSYFWaihhGN+yuBc1ffeZM3bRA="
    },
    "which": {
      "version": "1.2.14",
      "resolved": "https://registry.npmjs.org/which/-/which-1.2.14.tgz",
      "integrity": "sha1-mofEN48D6CfOyvGs31bHNsAcFOU=",
      "requires": {
        "isexe": "2.0.0"
      }
    },
    "wrappy": {
      "version": "1.0.2",
      "resolved": "https://registry.npmjs.org/wrappy/-/wrappy-1.0.2.tgz",
      "integrity": "sha1-tSQ9jz7BqjXxNkYFvA0QNuMKtp8=",
      "dev": true
    },
    "ws": {
      "version": "3.0.0",
      "resolved": "https://registry.npmjs.org/ws/-/ws-3.0.0.tgz",
      "integrity": "sha1-mN2wAFbIOQy3Ued4h4hJf5kQO2w=",
      "requires": {
        "safe-buffer": "5.0.1",
        "ultron": "1.1.0"
      },
      "dependencies": {
        "ultron": {
          "version": "1.1.0",
          "resolved": "https://registry.npmjs.org/ultron/-/ultron-1.1.0.tgz",
          "integrity": "sha1-sHoualQagV/Go0zNRTO67DB8qGQ="
        }
      }
    },
    "yallist": {
      "version": "2.1.2",
      "resolved": "https://registry.npmjs.org/yallist/-/yallist-2.1.2.tgz",
      "integrity": "sha1-HBH5IY8HYImkfdUS+TxmmaaoHVI="
    },
    "yn": {
      "version": "2.0.0",
      "resolved": "https://registry.npmjs.org/yn/-/yn-2.0.0.tgz",
      "integrity": "sha1-5a2ryKz0CPY4X8dklWhMiOavaJo="
    }
  }
}
